
Microsoft Visual Studio Solution File, Format Version 12.00
# Visual Studio Version 17
VisualStudioVersion = 17.14.36429.23
MinimumVisualStudioVersion = 10.0.40219.1
Project("{FAE04EC0-301F-11D3-BF4B-00C04F79EFBC}") = "FairShare.Server", "FairShare.Server\FairShare.Server.csproj", "{CF815333-7ED1-4351-A719-DF55A03F99D1}"
EndProject
Project("{FAE04EC0-301F-11D3-BF4B-00C04F79EFBC}") = "FairShare.Client", "FairShare.Client\FairShare.Client.csproj", "{48055753-BEEA-44D7-A53A-8BF1270B0A88}"
EndProject
Project("{FAE04EC0-301F-11D3-BF4B-00C04F79EFBC}") = "FairShare.Shared", "FairShare.Shared\FairShare.Shared.csproj", "{8CE6D4E8-0240-4703-A0C1-E9B11DFE9DF1}"
EndProject
Global
	GlobalSection(SolutionConfigurationPlatforms) = preSolution
		Debug|Any CPU = Debug|Any CPU
		Debug|x64 = Debug|x64
		Debug|x86 = Debug|x86
		Release|Any CPU = Release|Any CPU
		Release|x64 = Release|x64
		Release|x86 = Release|x86
	EndGlobalSection
	GlobalSection(ProjectConfigurationPlatforms) = postSolution
		{CF815333-7ED1-4351-A719-DF55A03F99D1}.Debug|Any CPU.ActiveCfg = Debug|Any CPU
		{CF815333-7ED1-4351-A719-DF55A03F99D1}.Debug|Any CPU.Build.0 = Debug|Any CPU
		{CF815333-7ED1-4351-A719-DF55A03F99D1}.Debug|x64.ActiveCfg = Debug|Any CPU
		{CF815333-7ED1-4351-A719-DF55A03F99D1}.Debug|x64.Build.0 = Debug|Any CPU
		{CF815333-7ED1-4351-A719-DF55A03F99D1}.Debug|x86.ActiveCfg = Debug|Any CPU
		{CF815333-7ED1-4351-A719-DF55A03F99D1}.Debug|x86.Build.0 = Debug|Any CPU
		{CF815333-7ED1-4351-A719-DF55A03F99D1}.Release|Any CPU.ActiveCfg = Release|Any CPU
		{CF815333-7ED1-4351-A719-DF55A03F99D1}.Release|Any CPU.Build.0 = Release|Any CPU
		{CF815333-7ED1-4351-A719-DF55A03F99D1}.Release|x64.ActiveCfg = Release|Any CPU
		{CF815333-7ED1-4351-A719-DF55A03F99D1}.Release|x64.Build.0 = Release|Any CPU
		{CF815333-7ED1-4351-A719-DF55A03F99D1}.Release|x86.ActiveCfg = Release|Any CPU
		{CF815333-7ED1-4351-A719-DF55A03F99D1}.Release|x86.Build.0 = Release|Any CPU
		{48055753-BEEA-44D7-A53A-8BF1270B0A88}.Debug|Any CPU.ActiveCfg = Debug|Any CPU
		{48055753-BEEA-44D7-A53A-8BF1270B0A88}.Debug|Any CPU.Build.0 = Debug|Any CPU
		{48055753-BEEA-44D7-A53A-8BF1270B0A88}.Debug|x64.ActiveCfg = Debug|Any CPU
		{48055753-BEEA-44D7-A53A-8BF1270B0A88}.Debug|x64.Build.0 = Debug|Any CPU
		{48055753-BEEA-44D7-A53A-8BF1270B0A88}.Debug|x86.ActiveCfg = Debug|Any CPU
		{48055753-BEEA-44D7-A53A-8BF1270B0A88}.Debug|x86.Build.0 = Debug|Any CPU
		{48055753-BEEA-44D7-A53A-8BF1270B0A88}.Release|Any CPU.ActiveCfg = Release|Any CPU
		{48055753-BEEA-44D7-A53A-8BF1270B0A88}.Release|Any CPU.Build.0 = Release|Any CPU
		{48055753-BEEA-44D7-A53A-8BF1270B0A88}.Release|x64.ActiveCfg = Release|Any CPU
		{48055753-BEEA-44D7-A53A-8BF1270B0A88}.Release|x64.Build.0 = Release|Any CPU
		{48055753-BEEA-44D7-A53A-8BF1270B0A88}.Release|x86.ActiveCfg = Release|Any CPU
		{48055753-BEEA-44D7-A53A-8BF1270B0A88}.Release|x86.Build.0 = Release|Any CPU
		{8CE6D4E8-0240-4703-A0C1-E9B11DFE9DF1}.Debug|Any CPU.ActiveCfg = Debug|Any CPU
		{8CE6D4E8-0240-4703-A0C1-E9B11DFE9DF1}.Debug|Any CPU.Build.0 = Debug|Any CPU
		{8CE6D4E8-0240-4703-A0C1-E9B11DFE9DF1}.Debug|x64.ActiveCfg = Debug|Any CPU
		{8CE6D4E8-0240-4703-A0C1-E9B11DFE9DF1}.Debug|x64.Build.0 = Debug|Any CPU
		{8CE6D4E8-0240-4703-A0C1-E9B11DFE9DF1}.Debug|x86.ActiveCfg = Debug|Any CPU
		{8CE6D4E8-0240-4703-A0C1-E9B11DFE9DF1}.Debug|x86.Build.0 = Debug|Any CPU
		{8CE6D4E8-0240-4703-A0C1-E9B11DFE9DF1}.Release|Any CPU.ActiveCfg = Release|Any CPU
		{8CE6D4E8-0240-4703-A0C1-E9B11DFE9DF1}.Release|Any CPU.Build.0 = Release|Any CPU
		{8CE6D4E8-0240-4703-A0C1-E9B11DFE9DF1}.Release|x64.ActiveCfg = Release|Any CPU
		{8CE6D4E8-0240-4703-A0C1-E9B11DFE9DF1}.Release|x64.Build.0 = Release|Any CPU
		{8CE6D4E8-0240-4703-A0C1-E9B11DFE9DF1}.Release|x86.ActiveCfg = Release|Any CPU
		{8CE6D4E8-0240-4703-A0C1-E9B11DFE9DF1}.Release|x86.Build.0 = Release|Any CPU
	EndGlobalSection
	GlobalSection(SolutionProperties) = preSolution
		HideSolutionNode = FALSE
	EndGlobalSection
	GlobalSection(ExtensibilityGlobals) = postSolution
		SolutionGuid = {C90F48DD-FBB6-451D-ADBB-61CB885A6345}
	EndGlobalSection
EndGlobal
